
Microsoft Visual Studio Solution File, Format Version 12.00
# Visual Studio Version 16
VisualStudioVersion = 16.0.32228.343
MinimumVisualStudioVersion = 10.0.40219.1
Project("{8BC9CEB8-8B4A-11D0-8D11-00A0C91BC942}") = "MechEyeApiWrapper", "API\MechEyeApiWrapper\MechEyeApiWrapper.vcxproj", "{134DC55B-6DD8-48CE-9B8F-2FE4467AE84C}"
EndProject
Project("{FAE04EC0-301F-11D3-BF4B-00C04F79EFBC}") = "MechEyeApiNet", "API\MechEyeApiNet\MechEyeApiNet.csproj", "{2B9DAC5C-9D9C-4F52-9D94-686A542F438E}"
EndProject
Project("{FAE04EC0-301F-11D3-BF4B-00C04F79EFBC}") = "captureResultToOpenCV", "samples\captureResultToOpenCV\captureResultToOpenCV.csproj", "{EDAAF5D2-9369-4DDC-8382-9D41CB5F5279}"
EndProject
Project("{FAE04EC0-301F-11D3-BF4B-00C04F79EFBC}") = "captureResultToPLY", "samples\captureResultToPLY\captureResultToPLY.csproj", "{7E497210-9394-42C1-AA77-39ECA4FCDD9B}"
EndProject
Project("{FAE04EC0-301F-11D3-BF4B-00C04F79EFBC}") = "connectAndCaptureImage", "samples\connectAndCaptureImage\connectAndCaptureImage.csproj", "{EB53944D-78C5-4E0B-BB78-B59C4CB07732}"
EndProject
Project("{FAE04EC0-301F-11D3-BF4B-00C04F79EFBC}") = "setAndGetParameter", "samples\setAndGetParameter\setAndGetParameter.csproj", "{3DD4F6D1-C29F-4990-AE0D-E785B95A88B0}"
EndProject
Global
	GlobalSection(SolutionConfigurationPlatforms) = preSolution
		Debug|Any CPU = Debug|Any CPU
		Debug|x64 = Debug|x64
		Debug|x86 = Debug|x86
		Release|Any CPU = Release|Any CPU
		Release|x64 = Release|x64
		Release|x86 = Release|x86
	EndGlobalSection
	GlobalSection(ProjectConfigurationPlatforms) = postSolution
		{134DC55B-6DD8-48CE-9B8F-2FE4467AE84C}.Debug|Any CPU.ActiveCfg = Debug|x64
		{134DC55B-6DD8-48CE-9B8F-2FE4467AE84C}.Debug|x64.ActiveCfg = Debug|x64
		{134DC55B-6DD8-48CE-9B8F-2FE4467AE84C}.Debug|x64.Build.0 = Debug|x64
		{134DC55B-6DD8-48CE-9B8F-2FE4467AE84C}.Debug|x86.ActiveCfg = Debug|Win32
		{134DC55B-6DD8-48CE-9B8F-2FE4467AE84C}.Debug|x86.Build.0 = Debug|Win32
		{134DC55B-6DD8-48CE-9B8F-2FE4467AE84C}.Release|Any CPU.ActiveCfg = Release|x64
		{134DC55B-6DD8-48CE-9B8F-2FE4467AE84C}.Release|Any CPU.Build.0 = Release|x64
		{134DC55B-6DD8-48CE-9B8F-2FE4467AE84C}.Release|x64.ActiveCfg = Release|x64
		{134DC55B-6DD8-48CE-9B8F-2FE4467AE84C}.Release|x64.Build.0 = Release|x64
		{134DC55B-6DD8-48CE-9B8F-2FE4467AE84C}.Release|x86.ActiveCfg = Release|Win32
		{134DC55B-6DD8-48CE-9B8F-2FE4467AE84C}.Release|x86.Build.0 = Release|Win32
		{2B9DAC5C-9D9C-4F52-9D94-686A542F438E}.Debug|Any CPU.ActiveCfg = Debug|Any CPU
		{2B9DAC5C-9D9C-4F52-9D94-686A542F438E}.Debug|Any CPU.Build.0 = Debug|Any CPU
		{2B9DAC5C-9D9C-4F52-9D94-686A542F438E}.Debug|x64.ActiveCfg = Debug|Any CPU
		{2B9DAC5C-9D9C-4F52-9D94-686A542F438E}.Debug|x64.Build.0 = Debug|Any CPU
		{2B9DAC5C-9D9C-4F52-9D94-686A542F438E}.Debug|x86.ActiveCfg = Debug|Any CPU
		{2B9DAC5C-9D9C-4F52-9D94-686A542F438E}.Debug|x86.Build.0 = Debug|Any CPU
		{2B9DAC5C-9D9C-4F52-9D94-686A542F438E}.Release|Any CPU.ActiveCfg = Release|Any CPU
		{2B9DAC5C-9D9C-4F52-9D94-686A542F438E}.Release|Any CPU.Build.0 = Release|Any CPU
		{2B9DAC5C-9D9C-4F52-9D94-686A542F438E}.Release|x64.ActiveCfg = Release|Any CPU
		{2B9DAC5C-9D9C-4F52-9D94-686A542F438E}.Release|x64.Build.0 = Release|Any CPU
		{2B9DAC5C-9D9C-4F52-9D94-686A542F438E}.Release|x86.ActiveCfg = Release|Any CPU
		{2B9DAC5C-9D9C-4F52-9D94-686A542F438E}.Release|x86.Build.0 = Release|Any CPU
		{EDAAF5D2-9369-4DDC-8382-9D41CB5F5279}.Debug|Any CPU.ActiveCfg = Debug|Any CPU
		{EDAAF5D2-9369-4DDC-8382-9D41CB5F5279}.Debug|Any CPU.Build.0 = Debug|Any CPU
		{EDAAF5D2-9369-4DDC-8382-9D41CB5F5279}.Debug|x64.ActiveCfg = Debug|Any CPU
		{EDAAF5D2-9369-4DDC-8382-9D41CB5F5279}.Debug|x64.Build.0 = Debug|Any CPU
		{EDAAF5D2-9369-4DDC-8382-9D41CB5F5279}.Debug|x86.ActiveCfg = Debug|Any CPU
		{EDAAF5D2-9369-4DDC-8382-9D41CB5F5279}.Debug|x86.Build.0 = Debug|Any CPU
		{EDAAF5D2-9369-4DDC-8382-9D41CB5F5279}.Release|Any CPU.ActiveCfg = Release|Any CPU
		{EDAAF5D2-9369-4DDC-8382-9D41CB5F5279}.Release|Any CPU.Build.0 = Release|Any CPU
		{EDAAF5D2-9369-4DDC-8382-9D41CB5F5279}.Release|x64.ActiveCfg = Release|Any CPU
		{EDAAF5D2-9369-4DDC-8382-9D41CB5F5279}.Release|x64.Build.0 = Release|Any CPU
		{EDAAF5D2-9369-4DDC-8382-9D41CB5F5279}.Release|x86.ActiveCfg = Release|Any CPU
		{EDAAF5D2-9369-4DDC-8382-9D41CB5F5279}.Release|x86.Build.0 = Release|Any CPU
		{7E497210-9394-42C1-AA77-39ECA4FCDD9B}.Debug|Any CPU.ActiveCfg = Debug|Any CPU
		{7E497210-9394-42C1-AA77-39ECA4FCDD9B}.Debug|Any CPU.Build.0 = Debug|Any CPU
		{7E497210-9394-42C1-AA77-39ECA4FCDD9B}.Debug|x64.ActiveCfg = Debug|Any CPU
		{7E497210-9394-42C1-AA77-39ECA4FCDD9B}.Debug|x64.Build.0 = Debug|Any CPU
		{7E497210-9394-42C1-AA77-39ECA4FCDD9B}.Debug|x86.ActiveCfg = Debug|Any CPU
		{7E497210-9394-42C1-AA77-39ECA4FCDD9B}.Debug|x86.Build.0 = Debug|Any CPU
		{7E497210-9394-42C1-AA77-39ECA4FCDD9B}.Release|Any CPU.ActiveCfg = Release|Any CPU
		{7E497210-9394-42C1-AA77-39ECA4FCDD9B}.Release|Any CPU.Build.0 = Release|Any CPU
		{7E497210-9394-42C1-AA77-39ECA4FCDD9B}.Release|x64.ActiveCfg = Release|Any CPU
		{7E497210-9394-42C1-AA77-39ECA4FCDD9B}.Release|x64.Build.0 = Release|Any CPU
		{7E497210-9394-42C1-AA77-39ECA4FCDD9B}.Release|x86.ActiveCfg = Release|Any CPU
		{7E497210-9394-42C1-AA77-39ECA4FCDD9B}.Release|x86.Build.0 = Release|Any CPU
		{EB53944D-78C5-4E0B-BB78-B59C4CB07732}.Debug|Any CPU.ActiveCfg = Debug|Any CPU
		{EB53944D-78C5-4E0B-BB78-B59C4CB07732}.Debug|Any CPU.Build.0 = Debug|Any CPU
		{EB53944D-78C5-4E0B-BB78-B59C4CB07732}.Debug|x64.ActiveCfg = Debug|Any CPU
		{EB53944D-78C5-4E0B-BB78-B59C4CB07732}.Debug|x64.Build.0 = Debug|Any CPU
		{EB53944D-78C5-4E0B-BB78-B59C4CB07732}.Debug|x86.ActiveCfg = Debug|Any CPU
		{EB53944D-78C5-4E0B-BB78-B59C4CB07732}.Debug|x86.Build.0 = Debug|Any CPU
		{EB53944D-78C5-4E0B-BB78-B59C4CB07732}.Release|Any CPU.ActiveCfg = Release|Any CPU
		{EB53944D-78C5-4E0B-BB78-B59C4CB07732}.Release|Any CPU.Build.0 = Release|Any CPU
		{EB53944D-78C5-4E0B-BB78-B59C4CB07732}.Release|x64.ActiveCfg = Release|Any CPU
		{EB53944D-78C5-4E0B-BB78-B59C4CB07732}.Release|x64.Build.0 = Release|Any CPU
		{EB53944D-78C5-4E0B-BB78-B59C4CB07732}.Release|x86.ActiveCfg = Release|Any CPU
		{EB53944D-78C5-4E0B-BB78-B59C4CB07732}.Release|x86.Build.0 = Release|Any CPU
		{3DD4F6D1-C29F-4990-AE0D-E785B95A88B0}.Debug|Any CPU.ActiveCfg = Debug|Any CPU
		{3DD4F6D1-C29F-4990-AE0D-E785B95A88B0}.Debug|Any CPU.Build.0 = Debug|Any CPU
		{3DD4F6D1-C29F-4990-AE0D-E785B95A88B0}.Debug|x64.ActiveCfg = Debug|Any CPU
		{3DD4F6D1-C29F-4990-AE0D-E785B95A88B0}.Debug|x64.Build.0 = Debug|Any CPU
		{3DD4F6D1-C29F-4990-AE0D-E785B95A88B0}.Debug|x86.ActiveCfg = Debug|Any CPU
		{3DD4F6D1-C29F-4990-AE0D-E785B95A88B0}.Debug|x86.Build.0 = Debug|Any CPU
		{3DD4F6D1-C29F-4990-AE0D-E785B95A88B0}.Release|Any CPU.ActiveCfg = Release|Any CPU
		{3DD4F6D1-C29F-4990-AE0D-E785B95A88B0}.Release|Any CPU.Build.0 = Release|Any CPU
		{3DD4F6D1-C29F-4990-AE0D-E785B95A88B0}.Release|x64.ActiveCfg = Release|Any CPU
		{3DD4F6D1-C29F-4990-AE0D-E785B95A88B0}.Release|x64.Build.0 = Release|Any CPU
		{3DD4F6D1-C29F-4990-AE0D-E785B95A88B0}.Release|x86.ActiveCfg = Release|Any CPU
		{3DD4F6D1-C29F-4990-AE0D-E785B95A88B0}.Release|x86.Build.0 = Release|Any CPU
	EndGlobalSection
	GlobalSection(SolutionProperties) = preSolution
		HideSolutionNode = FALSE
	EndGlobalSection
	GlobalSection(ExtensibilityGlobals) = postSolution
		SolutionGuid = {6166224C-BBD6-4A66-8C7F-23013FA47362}
	EndGlobalSection
EndGlobal
