
Microsoft Visual Studio Solution File, Format Version 12.00
# Visual Studio Version 16
VisualStudioVersion = 16.0.32228.343
MinimumVisualStudioVersion = 10.0.40219.1
Project("{FAE04EC0-301F-11D3-BF4B-00C04F79EFBC}") = "AcquireProfileData", "AcquireProfileData\AcquireProfileData.csproj", "{7DC2F6B7-EF58-41E3-BA9C-5B176D6CD951}"
EndProject
Project("{FAE04EC0-301F-11D3-BF4B-00C04F79EFBC}") = "AcquireProfileDataUsingCallback", "AcquireProfileDataUsingCallback\AcquireProfileDataUsingCallback.csproj", "{446AEDDA-D424-4E1F-A11E-EB89F88AF059}"
EndProject
Project("{FAE04EC0-301F-11D3-BF4B-00C04F79EFBC}") = "ManageUserSets", "ManageUserSets\ManageUserSets.csproj", "{46AFE042-2AF4-4FCB-9B44-4A24E54B6961}"
EndProject
Project("{FAE04EC0-301F-11D3-BF4B-00C04F79EFBC}") = "AcquirePointCloud", "AcquirePointCloud\AcquirePointCloud.csproj", "{9CC4C645-E989-422B-8719-148EA7B3557B}"
EndProject
Project("{FAE04EC0-301F-11D3-BF4B-00C04F79EFBC}") = "RegisterProfilerEvent", "RegisterProfilerEvent\RegisterProfilerEvent.csproj", "{76457dac-c4b1-40e4-8f84-25895dfe4f83}"
EndProject
Global
	GlobalSection(SolutionConfigurationPlatforms) = preSolution
		Debug|Any CPU = Debug|Any CPU
		Debug|x64 = Debug|x64
		Release|Any CPU = Release|Any CPU
		Release|x64 = Release|x64
	EndGlobalSection
	GlobalSection(ProjectConfigurationPlatforms) = postSolution
		{7DC2F6B7-EF58-41E3-BA9C-5B176D6CD951}.Debug|Any CPU.ActiveCfg = Debug|Any CPU
		{7DC2F6B7-EF58-41E3-BA9C-5B176D6CD951}.Debug|Any CPU.Build.0 = Debug|Any CPU
		{7DC2F6B7-EF58-41E3-BA9C-5B176D6CD951}.Debug|x64.ActiveCfg = Debug|x64
		{7DC2F6B7-EF58-41E3-BA9C-5B176D6CD951}.Debug|x64.Build.0 = Debug|x64
		{7DC2F6B7-EF58-41E3-BA9C-5B176D6CD951}.Release|Any CPU.ActiveCfg = Release|Any CPU
		{7DC2F6B7-EF58-41E3-BA9C-5B176D6CD951}.Release|Any CPU.Build.0 = Release|Any CPU
		{7DC2F6B7-EF58-41E3-BA9C-5B176D6CD951}.Release|x64.ActiveCfg = Release|x64
		{7DC2F6B7-EF58-41E3-BA9C-5B176D6CD951}.Release|x64.Build.0 = Release|x64
		{446AEDDA-D424-4E1F-A11E-EB89F88AF059}.Debug|Any CPU.ActiveCfg = Debug|Any CPU
		{446AEDDA-D424-4E1F-A11E-EB89F88AF059}.Debug|Any CPU.Build.0 = Debug|Any CPU
		{446AEDDA-D424-4E1F-A11E-EB89F88AF059}.Debug|x64.ActiveCfg = Debug|x64
		{446AEDDA-D424-4E1F-A11E-EB89F88AF059}.Debug|x64.Build.0 = Debug|x64
		{446AEDDA-D424-4E1F-A11E-EB89F88AF059}.Release|Any CPU.ActiveCfg = Release|Any CPU
		{446AEDDA-D424-4E1F-A11E-EB89F88AF059}.Release|Any CPU.Build.0 = Release|Any CPU
		{446AEDDA-D424-4E1F-A11E-EB89F88AF059}.Release|x64.ActiveCfg = Release|x64
		{446AEDDA-D424-4E1F-A11E-EB89F88AF059}.Release|x64.Build.0 = Release|x64
		{46AFE042-2AF4-4FCB-9B44-4A24E54B6961}.Debug|Any CPU.ActiveCfg = Debug|Any CPU
		{46AFE042-2AF4-4FCB-9B44-4A24E54B6961}.Debug|Any CPU.Build.0 = Debug|Any CPU
		{46AFE042-2AF4-4FCB-9B44-4A24E54B6961}.Debug|x64.ActiveCfg = Debug|x64
		{46AFE042-2AF4-4FCB-9B44-4A24E54B6961}.Debug|x64.Build.0 = Debug|x64
		{46AFE042-2AF4-4FCB-9B44-4A24E54B6961}.Release|Any CPU.ActiveCfg = Release|Any CPU
		{46AFE042-2AF4-4FCB-9B44-4A24E54B6961}.Release|Any CPU.Build.0 = Release|Any CPU
		{46AFE042-2AF4-4FCB-9B44-4A24E54B6961}.Release|x64.ActiveCfg = Release|x64
		{46AFE042-2AF4-4FCB-9B44-4A24E54B6961}.Release|x64.Build.0 = Release|x64
		{9CC4C645-E989-422B-8719-148EA7B3557B}.Debug|Any CPU.ActiveCfg = Debug|Any CPU
		{9CC4C645-E989-422B-8719-148EA7B3557B}.Debug|Any CPU.Build.0 = Debug|Any CPU
		{9CC4C645-E989-422B-8719-148EA7B3557B}.Debug|x64.ActiveCfg = Debug|x64
		{9CC4C645-E989-422B-8719-148EA7B3557B}.Debug|x64.Build.0 = Debug|x64
		{9CC4C645-E989-422B-8719-148EA7B3557B}.Release|Any CPU.ActiveCfg = Release|Any CPU
		{9CC4C645-E989-422B-8719-148EA7B3557B}.Release|Any CPU.Build.0 = Release|Any CPU
		{9CC4C645-E989-422B-8719-148EA7B3557B}.Release|x64.ActiveCfg = Release|x64
		{9CC4C645-E989-422B-8719-148EA7B3557B}.Release|x64.Build.0 = Release|x64
		{76457dac-c4b1-40e4-8f84-25895dfe4f83}.Debug|Any CPU.ActiveCfg = Debug|Any CPU
		{76457dac-c4b1-40e4-8f84-25895dfe4f83}.Debug|Any CPU.Build.0 = Debug|Any CPU
		{76457dac-c4b1-40e4-8f84-25895dfe4f83}.Debug|x64.ActiveCfg = Debug|x64
		{76457dac-c4b1-40e4-8f84-25895dfe4f83}.Debug|x64.Build.0 = Debug|x64
		{76457dac-c4b1-40e4-8f84-25895dfe4f83}.Release|Any CPU.ActiveCfg = Release|Any CPU
		{76457dac-c4b1-40e4-8f84-25895dfe4f83}.Release|Any CPU.Build.0 = Release|Any CPU
		{76457dac-c4b1-40e4-8f84-25895dfe4f83}.Release|x64.ActiveCfg = Release|x64
		{76457dac-c4b1-40e4-8f84-25895dfe4f83}.Release|x64.Build.0 = Release|x64
		
	EndGlobalSection
	GlobalSection(SolutionProperties) = preSolution
		HideSolutionNode = FALSE
	EndGlobalSection
	GlobalSection(ExtensibilityGlobals) = postSolution
		SolutionGuid = {6166224C-BBD6-4A66-8C7F-23013FA47362}
	EndGlobalSection
EndGlobal
