
Microsoft Visual Studio Solution File, Format Version 12.00
# Visual Studio Version 16
VisualStudioVersion = 16.0.32228.343
MinimumVisualStudioVersion = 10.0.40219.1
Project("{FAE04EC0-301F-11D3-BF4B-00C04F79EFBC}") = "CaptureCloudFromDepth", "Advanced\captureCloudFromDepth\CaptureCloudFromDepth.csproj", "{9676CDF5-B48D-4ECF-B337-621FF20092D8}"
EndProject
Project("{FAE04EC0-301F-11D3-BF4B-00C04F79EFBC}") = "CaptureColorMap", "Basic\captureColorMap\CaptureColorMap.csproj", "{EDAAF5D2-9369-4DDC-8382-9D41CB5F5279}"
EndProject
Project("{FAE04EC0-301F-11D3-BF4B-00C04F79EFBC}") = "CaptureDepthMap", "Basic\captureDepthMap\CaptureDepthMap.csproj", "{7D746F40-0729-4094-9DA8-7D4A49F5D72D}"
EndProject
Project("{FAE04EC0-301F-11D3-BF4B-00C04F79EFBC}") = "CapturePointCloudROI", "Basic\capturePointCloudROI\CapturePointCloudROI.csproj", "{665A8E97-6A40-45FA-A282-56206429154D}"
EndProject
Project("{FAE04EC0-301F-11D3-BF4B-00C04F79EFBC}") = "ConnectToCamera", "Basic\connectToCamera\ConnectToCamera.csproj", "{2952ED3D-5E77-4F15-8627-C74DD5A6F4A3}"
EndProject
Project("{FAE04EC0-301F-11D3-BF4B-00C04F79EFBC}") = "GetCameraIntri", "Util\getCameraIntri\GetCameraIntri.csproj", "{EB53944D-78C5-4E0B-BB78-B59C4CB07732}"
EndProject
Project("{FAE04EC0-301F-11D3-BF4B-00C04F79EFBC}") = "PrintDeviceInfo", "Util\printDeviceInfo\PrintDeviceInfo.csproj", "{6BE8D07B-6DFD-4AB8-A129-7930FB230107}"
EndProject
Project("{FAE04EC0-301F-11D3-BF4B-00C04F79EFBC}") = "SetDepthRange", "Util\setDepthRange\SetDepthRange.csproj", "{2FC8A72A-6A6A-44A8-B051-71ACD2F8D20D}"
EndProject
Project("{FAE04EC0-301F-11D3-BF4B-00C04F79EFBC}") = "CaptureHDRPointCloud", "Basic\captureHDRPointCloud\CaptureHDRPointCloud.csproj", "{EFDEB798-4D61-4A79-9981-8E755ECB158B}"
EndProject
Project("{FAE04EC0-301F-11D3-BF4B-00C04F79EFBC}") = "CapturePointCloud", "Basic\capturePointCloud\CapturePointCloud.csproj", "{7E497210-9394-42C1-AA77-39ECA4FCDD9B}"
EndProject
Project("{FAE04EC0-301F-11D3-BF4B-00C04F79EFBC}") = "CaptureTimedAndPeriodically", "Advanced\captureTimedAndPeriodically\CaptureTimedAndPeriodically.csproj", "{B886D300-E70D-4530-9B38-046F91E7A133}"
EndProject
Project("{FAE04EC0-301F-11D3-BF4B-00C04F79EFBC}") = "CaptureSequentiallyMultiCamera", "Advanced\captureSequentiallyMultiCamera\CaptureSequentiallyMultiCamera.csproj", "{5762BB21-7544-492F-A3C4-A8FD68267019}"
EndProject
Project("{FAE04EC0-301F-11D3-BF4B-00C04F79EFBC}") = "CaptureSimultaneouslyMultiCamera", "Advanced\captureSimultaneouslyMultiCamera\CaptureSimultaneouslyMultiCamera.csproj", "{B9366EAE-914F-442F-A339-B620B95BCB49}"
EndProject
Project("{FAE04EC0-301F-11D3-BF4B-00C04F79EFBC}") = "ConnectAndCaptureImage", "Basic\connectAndCaptureImage\ConnectAndCaptureImage.csproj", "{A6F98E9B-6E26-4D54-8E4A-B468DB0D4403}"
EndProject
Project("{FAE04EC0-301F-11D3-BF4B-00C04F79EFBC}") = "SetUserSets", "Util\setUserSets\SetUserSets.csproj", "{0CD47985-03D6-4FFA-8DDC-C9E7E2B03792}"
EndProject
Project("{FAE04EC0-301F-11D3-BF4B-00C04F79EFBC}") = "SetLaserFramePartitionCount", "Laser\SetLaserFramePartitionCount\SetLaserFramePartitionCount.csproj", "{5AAF9D87-EF67-4877-AA39-7F86C91166C9}"
EndProject
Project("{FAE04EC0-301F-11D3-BF4B-00C04F79EFBC}") = "SetLaserFrameRange", "Laser\SetLaserFrameRange\SetLaserFrameRange.csproj", "{8AACA792-3BD5-4AA8-B61C-4FEC8D536C38}"
EndProject
Project("{FAE04EC0-301F-11D3-BF4B-00C04F79EFBC}") = "SetLaserFringeCodingMode", "Laser\SetLaserFringeCodingMode\SetLaserFringeCodingMode.csproj", "{25AFA76A-3169-4375-80C8-838A972CCD6C}"
EndProject
Project("{FAE04EC0-301F-11D3-BF4B-00C04F79EFBC}") = "SetLaserPowerLevel", "Laser\SetLaserPowerLevel\SetLaserPowerLevel.csproj", "{46B92A15-77DB-4316-A584-480B388FA75E}"
EndProject
Project("{FAE04EC0-301F-11D3-BF4B-00C04F79EFBC}") = "SetParameters", "Util\SetParameters\SetParameters.csproj", "{3DD4F6D1-C29F-4990-AE0D-E785B95A88B0}"
EndProject
Project("{FAE04EC0-301F-11D3-BF4B-00C04F79EFBC}") = "SetUHPCaptureMode", "UHP\SetUHPCaptureMode\SetUHPCaptureMode.csproj", "{9E18887C-F7B4-4CD4-BE61-62CC5DC0323A}"
EndProject
Project("{FAE04EC0-301F-11D3-BF4B-00C04F79EFBC}") = "SetUHPFringeCodingMode", "UHP\SetUHPFringeEncodingMode\SetUHPFringeCodingMode.csproj", "{AE8EEDA9-8446-40C1-B9BD-C2E253A7D1FF}"
EndProject
Global
	GlobalSection(SolutionConfigurationPlatforms) = preSolution
		Debug|Any CPU = Debug|Any CPU
		Debug|x64 = Debug|x64
		Release|Any CPU = Release|Any CPU
		Release|x64 = Release|x64
	EndGlobalSection
	GlobalSection(ProjectConfigurationPlatforms) = postSolution
		{9676CDF5-B48D-4ECF-B337-621FF20092D8}.Debug|Any CPU.ActiveCfg = Debug|Any CPU
		{9676CDF5-B48D-4ECF-B337-621FF20092D8}.Debug|Any CPU.Build.0 = Debug|Any CPU
		{9676CDF5-B48D-4ECF-B337-621FF20092D8}.Debug|x64.ActiveCfg = Debug|x64
		{9676CDF5-B48D-4ECF-B337-621FF20092D8}.Debug|x64.Build.0 = Debug|x64
		{9676CDF5-B48D-4ECF-B337-621FF20092D8}.Release|Any CPU.ActiveCfg = Release|Any CPU
		{9676CDF5-B48D-4ECF-B337-621FF20092D8}.Release|Any CPU.Build.0 = Release|Any CPU
		{9676CDF5-B48D-4ECF-B337-621FF20092D8}.Release|x64.ActiveCfg = Release|x64
		{9676CDF5-B48D-4ECF-B337-621FF20092D8}.Release|x64.Build.0 = Release|x64
		{EDAAF5D2-9369-4DDC-8382-9D41CB5F5279}.Debug|Any CPU.ActiveCfg = Debug|Any CPU
		{EDAAF5D2-9369-4DDC-8382-9D41CB5F5279}.Debug|Any CPU.Build.0 = Debug|Any CPU
		{EDAAF5D2-9369-4DDC-8382-9D41CB5F5279}.Debug|x64.ActiveCfg = Debug|x64
		{EDAAF5D2-9369-4DDC-8382-9D41CB5F5279}.Debug|x64.Build.0 = Debug|x64
		{EDAAF5D2-9369-4DDC-8382-9D41CB5F5279}.Release|Any CPU.ActiveCfg = Release|Any CPU
		{EDAAF5D2-9369-4DDC-8382-9D41CB5F5279}.Release|Any CPU.Build.0 = Release|Any CPU
		{EDAAF5D2-9369-4DDC-8382-9D41CB5F5279}.Release|x64.ActiveCfg = Release|x64
		{EDAAF5D2-9369-4DDC-8382-9D41CB5F5279}.Release|x64.Build.0 = Release|x64
		{7D746F40-0729-4094-9DA8-7D4A49F5D72D}.Debug|Any CPU.ActiveCfg = Debug|Any CPU
		{7D746F40-0729-4094-9DA8-7D4A49F5D72D}.Debug|Any CPU.Build.0 = Debug|Any CPU
		{7D746F40-0729-4094-9DA8-7D4A49F5D72D}.Debug|x64.ActiveCfg = Debug|x64
		{7D746F40-0729-4094-9DA8-7D4A49F5D72D}.Debug|x64.Build.0 = Debug|x64
		{7D746F40-0729-4094-9DA8-7D4A49F5D72D}.Release|Any CPU.ActiveCfg = Release|Any CPU
		{7D746F40-0729-4094-9DA8-7D4A49F5D72D}.Release|Any CPU.Build.0 = Release|Any CPU
		{7D746F40-0729-4094-9DA8-7D4A49F5D72D}.Release|x64.ActiveCfg = Release|x64
		{7D746F40-0729-4094-9DA8-7D4A49F5D72D}.Release|x64.Build.0 = Release|x64
		{665A8E97-6A40-45FA-A282-56206429154D}.Debug|Any CPU.ActiveCfg = Debug|Any CPU
		{665A8E97-6A40-45FA-A282-56206429154D}.Debug|Any CPU.Build.0 = Debug|Any CPU
		{665A8E97-6A40-45FA-A282-56206429154D}.Debug|x64.ActiveCfg = Debug|x64
		{665A8E97-6A40-45FA-A282-56206429154D}.Debug|x64.Build.0 = Debug|x64
		{665A8E97-6A40-45FA-A282-56206429154D}.Release|Any CPU.ActiveCfg = Release|Any CPU
		{665A8E97-6A40-45FA-A282-56206429154D}.Release|Any CPU.Build.0 = Release|Any CPU
		{665A8E97-6A40-45FA-A282-56206429154D}.Release|x64.ActiveCfg = Release|x64
		{665A8E97-6A40-45FA-A282-56206429154D}.Release|x64.Build.0 = Release|x64
		{2952ED3D-5E77-4F15-8627-C74DD5A6F4A3}.Debug|Any CPU.ActiveCfg = Debug|Any CPU
		{2952ED3D-5E77-4F15-8627-C74DD5A6F4A3}.Debug|Any CPU.Build.0 = Debug|Any CPU
		{2952ED3D-5E77-4F15-8627-C74DD5A6F4A3}.Debug|x64.ActiveCfg = Debug|x64
		{2952ED3D-5E77-4F15-8627-C74DD5A6F4A3}.Debug|x64.Build.0 = Debug|x64
		{2952ED3D-5E77-4F15-8627-C74DD5A6F4A3}.Release|Any CPU.ActiveCfg = Release|Any CPU
		{2952ED3D-5E77-4F15-8627-C74DD5A6F4A3}.Release|Any CPU.Build.0 = Release|Any CPU
		{2952ED3D-5E77-4F15-8627-C74DD5A6F4A3}.Release|x64.ActiveCfg = Release|x64
		{2952ED3D-5E77-4F15-8627-C74DD5A6F4A3}.Release|x64.Build.0 = Release|x64
		{EB53944D-78C5-4E0B-BB78-B59C4CB07732}.Debug|Any CPU.ActiveCfg = Debug|Any CPU
		{EB53944D-78C5-4E0B-BB78-B59C4CB07732}.Debug|Any CPU.Build.0 = Debug|Any CPU
		{EB53944D-78C5-4E0B-BB78-B59C4CB07732}.Debug|x64.ActiveCfg = Debug|x64
		{EB53944D-78C5-4E0B-BB78-B59C4CB07732}.Debug|x64.Build.0 = Debug|x64
		{EB53944D-78C5-4E0B-BB78-B59C4CB07732}.Release|Any CPU.ActiveCfg = Release|Any CPU
		{EB53944D-78C5-4E0B-BB78-B59C4CB07732}.Release|Any CPU.Build.0 = Release|Any CPU
		{EB53944D-78C5-4E0B-BB78-B59C4CB07732}.Release|x64.ActiveCfg = Release|x64
		{EB53944D-78C5-4E0B-BB78-B59C4CB07732}.Release|x64.Build.0 = Release|x64
		{6BE8D07B-6DFD-4AB8-A129-7930FB230107}.Debug|Any CPU.ActiveCfg = Debug|Any CPU
		{6BE8D07B-6DFD-4AB8-A129-7930FB230107}.Debug|Any CPU.Build.0 = Debug|Any CPU
		{6BE8D07B-6DFD-4AB8-A129-7930FB230107}.Debug|x64.ActiveCfg = Debug|x64
		{6BE8D07B-6DFD-4AB8-A129-7930FB230107}.Debug|x64.Build.0 = Debug|x64
		{6BE8D07B-6DFD-4AB8-A129-7930FB230107}.Release|Any CPU.ActiveCfg = Release|Any CPU
		{6BE8D07B-6DFD-4AB8-A129-7930FB230107}.Release|Any CPU.Build.0 = Release|Any CPU
		{6BE8D07B-6DFD-4AB8-A129-7930FB230107}.Release|x64.ActiveCfg = Release|x64
		{6BE8D07B-6DFD-4AB8-A129-7930FB230107}.Release|x64.Build.0 = Release|x64
		{2FC8A72A-6A6A-44A8-B051-71ACD2F8D20D}.Debug|Any CPU.ActiveCfg = Debug|Any CPU
		{2FC8A72A-6A6A-44A8-B051-71ACD2F8D20D}.Debug|Any CPU.Build.0 = Debug|Any CPU
		{2FC8A72A-6A6A-44A8-B051-71ACD2F8D20D}.Debug|x64.ActiveCfg = Debug|x64
		{2FC8A72A-6A6A-44A8-B051-71ACD2F8D20D}.Debug|x64.Build.0 = Debug|x64
		{2FC8A72A-6A6A-44A8-B051-71ACD2F8D20D}.Release|Any CPU.ActiveCfg = Release|Any CPU
		{2FC8A72A-6A6A-44A8-B051-71ACD2F8D20D}.Release|Any CPU.Build.0 = Release|Any CPU
		{2FC8A72A-6A6A-44A8-B051-71ACD2F8D20D}.Release|x64.ActiveCfg = Release|x64
		{2FC8A72A-6A6A-44A8-B051-71ACD2F8D20D}.Release|x64.Build.0 = Release|x64
		{EFDEB798-4D61-4A79-9981-8E755ECB158B}.Debug|Any CPU.ActiveCfg = Debug|Any CPU
		{EFDEB798-4D61-4A79-9981-8E755ECB158B}.Debug|Any CPU.Build.0 = Debug|Any CPU
		{EFDEB798-4D61-4A79-9981-8E755ECB158B}.Debug|x64.ActiveCfg = Debug|x64
		{EFDEB798-4D61-4A79-9981-8E755ECB158B}.Debug|x64.Build.0 = Debug|x64
		{EFDEB798-4D61-4A79-9981-8E755ECB158B}.Release|Any CPU.ActiveCfg = Release|Any CPU
		{EFDEB798-4D61-4A79-9981-8E755ECB158B}.Release|Any CPU.Build.0 = Release|Any CPU
		{EFDEB798-4D61-4A79-9981-8E755ECB158B}.Release|x64.ActiveCfg = Release|x64
		{EFDEB798-4D61-4A79-9981-8E755ECB158B}.Release|x64.Build.0 = Release|x64
		{7E497210-9394-42C1-AA77-39ECA4FCDD9B}.Debug|Any CPU.ActiveCfg = Debug|Any CPU
		{7E497210-9394-42C1-AA77-39ECA4FCDD9B}.Debug|Any CPU.Build.0 = Debug|Any CPU
		{7E497210-9394-42C1-AA77-39ECA4FCDD9B}.Debug|x64.ActiveCfg = Debug|x64
		{7E497210-9394-42C1-AA77-39ECA4FCDD9B}.Debug|x64.Build.0 = Debug|x64
		{7E497210-9394-42C1-AA77-39ECA4FCDD9B}.Release|Any CPU.ActiveCfg = Release|Any CPU
		{7E497210-9394-42C1-AA77-39ECA4FCDD9B}.Release|Any CPU.Build.0 = Release|Any CPU
		{7E497210-9394-42C1-AA77-39ECA4FCDD9B}.Release|x64.ActiveCfg = Release|x64
		{7E497210-9394-42C1-AA77-39ECA4FCDD9B}.Release|x64.Build.0 = Release|x64
		{B886D300-E70D-4530-9B38-046F91E7A133}.Debug|Any CPU.ActiveCfg = Debug|Any CPU
		{B886D300-E70D-4530-9B38-046F91E7A133}.Debug|Any CPU.Build.0 = Debug|Any CPU
		{B886D300-E70D-4530-9B38-046F91E7A133}.Debug|x64.ActiveCfg = Debug|x64
		{B886D300-E70D-4530-9B38-046F91E7A133}.Debug|x64.Build.0 = Debug|x64
		{B886D300-E70D-4530-9B38-046F91E7A133}.Release|Any CPU.ActiveCfg = Release|Any CPU
		{B886D300-E70D-4530-9B38-046F91E7A133}.Release|Any CPU.Build.0 = Release|Any CPU
		{B886D300-E70D-4530-9B38-046F91E7A133}.Release|x64.ActiveCfg = Release|x64
		{B886D300-E70D-4530-9B38-046F91E7A133}.Release|x64.Build.0 = Release|x64
		{5762BB21-7544-492F-A3C4-A8FD68267019}.Debug|Any CPU.ActiveCfg = Debug|Any CPU
		{5762BB21-7544-492F-A3C4-A8FD68267019}.Debug|Any CPU.Build.0 = Debug|Any CPU
		{5762BB21-7544-492F-A3C4-A8FD68267019}.Debug|x64.ActiveCfg = Debug|x64
		{5762BB21-7544-492F-A3C4-A8FD68267019}.Debug|x64.Build.0 = Debug|x64
		{5762BB21-7544-492F-A3C4-A8FD68267019}.Release|Any CPU.ActiveCfg = Release|Any CPU
		{5762BB21-7544-492F-A3C4-A8FD68267019}.Release|Any CPU.Build.0 = Release|Any CPU
		{5762BB21-7544-492F-A3C4-A8FD68267019}.Release|x64.ActiveCfg = Release|x64
		{5762BB21-7544-492F-A3C4-A8FD68267019}.Release|x64.Build.0 = Release|x64
		{B9366EAE-914F-442F-A339-B620B95BCB49}.Debug|Any CPU.ActiveCfg = Debug|Any CPU
		{B9366EAE-914F-442F-A339-B620B95BCB49}.Debug|Any CPU.Build.0 = Debug|Any CPU
		{B9366EAE-914F-442F-A339-B620B95BCB49}.Debug|x64.ActiveCfg = Debug|x64
		{B9366EAE-914F-442F-A339-B620B95BCB49}.Debug|x64.Build.0 = Debug|x64
		{B9366EAE-914F-442F-A339-B620B95BCB49}.Release|Any CPU.ActiveCfg = Release|Any CPU
		{B9366EAE-914F-442F-A339-B620B95BCB49}.Release|Any CPU.Build.0 = Release|Any CPU
		{B9366EAE-914F-442F-A339-B620B95BCB49}.Release|x64.ActiveCfg = Release|x64
		{B9366EAE-914F-442F-A339-B620B95BCB49}.Release|x64.Build.0 = Release|x64
		{A6F98E9B-6E26-4D54-8E4A-B468DB0D4403}.Debug|Any CPU.ActiveCfg = Debug|Any CPU
		{A6F98E9B-6E26-4D54-8E4A-B468DB0D4403}.Debug|Any CPU.Build.0 = Debug|Any CPU
		{A6F98E9B-6E26-4D54-8E4A-B468DB0D4403}.Debug|x64.ActiveCfg = Debug|x64
		{A6F98E9B-6E26-4D54-8E4A-B468DB0D4403}.Debug|x64.Build.0 = Debug|x64
		{A6F98E9B-6E26-4D54-8E4A-B468DB0D4403}.Release|Any CPU.ActiveCfg = Release|Any CPU
		{A6F98E9B-6E26-4D54-8E4A-B468DB0D4403}.Release|Any CPU.Build.0 = Release|Any CPU
		{A6F98E9B-6E26-4D54-8E4A-B468DB0D4403}.Release|x64.ActiveCfg = Release|x64
		{A6F98E9B-6E26-4D54-8E4A-B468DB0D4403}.Release|x64.Build.0 = Release|x64
		{0CD47985-03D6-4FFA-8DDC-C9E7E2B03792}.Debug|Any CPU.ActiveCfg = Debug|Any CPU
		{0CD47985-03D6-4FFA-8DDC-C9E7E2B03792}.Debug|Any CPU.Build.0 = Debug|Any CPU
		{0CD47985-03D6-4FFA-8DDC-C9E7E2B03792}.Debug|x64.ActiveCfg = Debug|x64
		{0CD47985-03D6-4FFA-8DDC-C9E7E2B03792}.Debug|x64.Build.0 = Debug|x64
		{0CD47985-03D6-4FFA-8DDC-C9E7E2B03792}.Release|Any CPU.ActiveCfg = Release|Any CPU
		{0CD47985-03D6-4FFA-8DDC-C9E7E2B03792}.Release|Any CPU.Build.0 = Release|Any CPU
		{0CD47985-03D6-4FFA-8DDC-C9E7E2B03792}.Release|x64.ActiveCfg = Release|x64
		{0CD47985-03D6-4FFA-8DDC-C9E7E2B03792}.Release|x64.Build.0 = Release|x64
		{5AAF9D87-EF67-4877-AA39-7F86C91166C9}.Debug|Any CPU.ActiveCfg = Debug|Any CPU
		{5AAF9D87-EF67-4877-AA39-7F86C91166C9}.Debug|Any CPU.Build.0 = Debug|Any CPU
		{5AAF9D87-EF67-4877-AA39-7F86C91166C9}.Debug|x64.ActiveCfg = Debug|x64
		{5AAF9D87-EF67-4877-AA39-7F86C91166C9}.Debug|x64.Build.0 = Debug|x64
		{5AAF9D87-EF67-4877-AA39-7F86C91166C9}.Release|Any CPU.ActiveCfg = Release|Any CPU
		{5AAF9D87-EF67-4877-AA39-7F86C91166C9}.Release|Any CPU.Build.0 = Release|Any CPU
		{5AAF9D87-EF67-4877-AA39-7F86C91166C9}.Release|x64.ActiveCfg = Release|x64
		{5AAF9D87-EF67-4877-AA39-7F86C91166C9}.Release|x64.Build.0 = Release|x64
		{8AACA792-3BD5-4AA8-B61C-4FEC8D536C38}.Debug|Any CPU.ActiveCfg = Debug|Any CPU
		{8AACA792-3BD5-4AA8-B61C-4FEC8D536C38}.Debug|Any CPU.Build.0 = Debug|Any CPU
		{8AACA792-3BD5-4AA8-B61C-4FEC8D536C38}.Debug|x64.ActiveCfg = Debug|x64
		{8AACA792-3BD5-4AA8-B61C-4FEC8D536C38}.Debug|x64.Build.0 = Debug|x64
		{8AACA792-3BD5-4AA8-B61C-4FEC8D536C38}.Release|Any CPU.ActiveCfg = Release|Any CPU
		{8AACA792-3BD5-4AA8-B61C-4FEC8D536C38}.Release|Any CPU.Build.0 = Release|Any CPU
		{8AACA792-3BD5-4AA8-B61C-4FEC8D536C38}.Release|x64.ActiveCfg = Release|x64
		{8AACA792-3BD5-4AA8-B61C-4FEC8D536C38}.Release|x64.Build.0 = Release|x64
		{25AFA76A-3169-4375-80C8-838A972CCD6C}.Debug|Any CPU.ActiveCfg = Debug|Any CPU
		{25AFA76A-3169-4375-80C8-838A972CCD6C}.Debug|Any CPU.Build.0 = Debug|Any CPU
		{25AFA76A-3169-4375-80C8-838A972CCD6C}.Debug|x64.ActiveCfg = Debug|x64
		{25AFA76A-3169-4375-80C8-838A972CCD6C}.Debug|x64.Build.0 = Debug|x64
		{25AFA76A-3169-4375-80C8-838A972CCD6C}.Release|Any CPU.ActiveCfg = Release|Any CPU
		{25AFA76A-3169-4375-80C8-838A972CCD6C}.Release|Any CPU.Build.0 = Release|Any CPU
		{25AFA76A-3169-4375-80C8-838A972CCD6C}.Release|x64.ActiveCfg = Release|x64
		{25AFA76A-3169-4375-80C8-838A972CCD6C}.Release|x64.Build.0 = Release|x64
		{46B92A15-77DB-4316-A584-480B388FA75E}.Debug|Any CPU.ActiveCfg = Debug|Any CPU
		{46B92A15-77DB-4316-A584-480B388FA75E}.Debug|Any CPU.Build.0 = Debug|Any CPU
		{46B92A15-77DB-4316-A584-480B388FA75E}.Debug|x64.ActiveCfg = Debug|x64
		{46B92A15-77DB-4316-A584-480B388FA75E}.Debug|x64.Build.0 = Debug|x64
		{46B92A15-77DB-4316-A584-480B388FA75E}.Release|Any CPU.ActiveCfg = Release|Any CPU
		{46B92A15-77DB-4316-A584-480B388FA75E}.Release|Any CPU.Build.0 = Release|Any CPU
		{46B92A15-77DB-4316-A584-480B388FA75E}.Release|x64.ActiveCfg = Release|x64
		{46B92A15-77DB-4316-A584-480B388FA75E}.Release|x64.Build.0 = Release|x64
		{3DD4F6D1-C29F-4990-AE0D-E785B95A88B0}.Debug|Any CPU.ActiveCfg = Debug|Any CPU
		{3DD4F6D1-C29F-4990-AE0D-E785B95A88B0}.Debug|Any CPU.Build.0 = Debug|Any CPU
		{3DD4F6D1-C29F-4990-AE0D-E785B95A88B0}.Debug|x64.ActiveCfg = Debug|x64
		{3DD4F6D1-C29F-4990-AE0D-E785B95A88B0}.Debug|x64.Build.0 = Debug|x64
		{3DD4F6D1-C29F-4990-AE0D-E785B95A88B0}.Release|Any CPU.ActiveCfg = Release|Any CPU
		{3DD4F6D1-C29F-4990-AE0D-E785B95A88B0}.Release|Any CPU.Build.0 = Release|Any CPU
		{3DD4F6D1-C29F-4990-AE0D-E785B95A88B0}.Release|x64.ActiveCfg = Release|x64
		{3DD4F6D1-C29F-4990-AE0D-E785B95A88B0}.Release|x64.Build.0 = Release|x64
		{9E18887C-F7B4-4CD4-BE61-62CC5DC0323A}.Debug|Any CPU.ActiveCfg = Debug|Any CPU
		{9E18887C-F7B4-4CD4-BE61-62CC5DC0323A}.Debug|Any CPU.Build.0 = Debug|Any CPU
		{9E18887C-F7B4-4CD4-BE61-62CC5DC0323A}.Debug|x64.ActiveCfg = Debug|x64
		{9E18887C-F7B4-4CD4-BE61-62CC5DC0323A}.Debug|x64.Build.0 = Debug|x64
		{9E18887C-F7B4-4CD4-BE61-62CC5DC0323A}.Release|Any CPU.ActiveCfg = Release|Any CPU
		{9E18887C-F7B4-4CD4-BE61-62CC5DC0323A}.Release|Any CPU.Build.0 = Release|Any CPU
		{9E18887C-F7B4-4CD4-BE61-62CC5DC0323A}.Release|x64.ActiveCfg = Release|x64
		{9E18887C-F7B4-4CD4-BE61-62CC5DC0323A}.Release|x64.Build.0 = Release|x64
		{AE8EEDA9-8446-40C1-B9BD-C2E253A7D1FF}.Debug|Any CPU.ActiveCfg = Debug|Any CPU
		{AE8EEDA9-8446-40C1-B9BD-C2E253A7D1FF}.Debug|Any CPU.Build.0 = Debug|Any CPU
		{AE8EEDA9-8446-40C1-B9BD-C2E253A7D1FF}.Debug|x64.ActiveCfg = Debug|x64
		{AE8EEDA9-8446-40C1-B9BD-C2E253A7D1FF}.Debug|x64.Build.0 = Debug|x64
		{AE8EEDA9-8446-40C1-B9BD-C2E253A7D1FF}.Release|Any CPU.ActiveCfg = Release|Any CPU
		{AE8EEDA9-8446-40C1-B9BD-C2E253A7D1FF}.Release|Any CPU.Build.0 = Release|Any CPU
		{AE8EEDA9-8446-40C1-B9BD-C2E253A7D1FF}.Release|x64.ActiveCfg = Release|x64
		{AE8EEDA9-8446-40C1-B9BD-C2E253A7D1FF}.Release|x64.Build.0 = Release|x64
	EndGlobalSection
	GlobalSection(SolutionProperties) = preSolution
		HideSolutionNode = FALSE
	EndGlobalSection
	GlobalSection(ExtensibilityGlobals) = postSolution
		SolutionGuid = {6166224C-BBD6-4A66-8C7F-23013FA47362}
	EndGlobalSection
EndGlobal
